Microsoft Visual Studio Solution File, Format Version 12.00
# Visual Studio Version 17
VisualStudioVersion = 17.5.2.0
MinimumVisualStudioVersion = 10.0.40219.1
Project("{FAE04EC0-301F-11D3-BF4B-00C04F79EFBC}") = "wasdTemplate", "wasdTemplate.csproj", "{A7434157-E942-9377-8DBC-AEDF6B187FD9}"
EndProject
Global
	GlobalSection(SolutionConfigurationPlatforms) = preSolution
		Debug|Any CPU = Debug|Any CPU
		Release|Any CPU = Release|Any CPU
	EndGlobalSection
	GlobalSection(ProjectConfigurationPlatforms) = postSolution
		{A7434157-E942-9377-8DBC-AEDF6B187FD9}.Debug|Any CPU.ActiveCfg = Debug|Any CPU
		{A7434157-E942-9377-8DBC-AEDF6B187FD9}.Debug|Any CPU.Build.0 = Debug|Any CPU
		{A7434157-E942-9377-8DBC-AEDF6B187FD9}.Release|Any CPU.ActiveCfg = Release|Any CPU
		{A7434157-E942-9377-8DBC-AEDF6B187FD9}.Release|Any CPU.Build.0 = Release|Any CPU
	EndGlobalSection
	GlobalSection(SolutionProperties) = preSolution
		HideSolutionNode = FALSE
	EndGlobalSection
	GlobalSection(ExtensibilityGlobals) = postSolution
		SolutionGuid = {DB485DFD-9C83-4DA2-A982-4D98C39B99CD}
	EndGlobalSection
EndGlobal

